// !$*UTF8*$!
{
	archiveVersion = 1;
	classes = {
	};
	objectVersion = 46;
	objects = {

/* Begin PBXBuildFile section */
		7E6A461E1B3BC9A700AE63C3 /* launch.png in Resources */ = {isa = PBXBuildFile; fileRef = 7E6A461D1B3BC9A700AE63C3 /* launch.png */; };
		7E6A46201B3BD59C00AE63C3 /* helpMe.png in Resources */ = {isa = PBXBuildFile; fileRef = 7E6A461F1B3BD59C00AE63C3 /* helpMe.png */; };
		7E6A46241B3BDE5000AE63C3 /* flames.png in Resources */ = {isa = PBXBuildFile; fileRef = 7E6A46231B3BDE5000AE63C3 /* flames.png */; };
		7EB472E41B706C1600F29190 /* Colors.swift in Sources */ = {isa = PBXBuildFile; fileRef = 7EB472E31B706C1600F29190 /* Colors.swift */; };
		7EB472E61B709E8600F29190 /* FavoritedIcon.png in Resources */ = {isa = PBXBuildFile; fileRef = 7EB472E51B709E8600F29190 /* FavoritedIcon.png */; };
		7EB472E81B709E8D00F29190 /* UnfavoritedIcon.png in Resources */ = {isa = PBXBuildFile; fileRef = 7EB472E71B709E8D00F29190 /* UnfavoritedIcon.png */; };
		7EBE424C1B4CD1E30015D500 /* TeamBookmarksViewController.swift in Sources */ = {isa = PBXBuildFile; fileRef = 7EBE424B1B4CD1E30015D500 /* TeamBookmarksViewController.swift */; };
		7EBF07651B4DDADB00B965D1 /* TeamBookmarkCell.swift in Sources */ = {isa = PBXBuildFile; fileRef = 7EBF07641B4DDADB00B965D1 /* TeamBookmarkCell.swift */; };
		7EBF07671B4E1FC900B965D1 /* CompetitionBookmarkController.swift in Sources */ = {isa = PBXBuildFile; fileRef = 7EBF07661B4E1FC900B965D1 /* CompetitionBookmarkController.swift */; };
		7EBF4A411AD6E1CE00C98EFA /* TeamProfileViewController.swift in Sources */ = {isa = PBXBuildFile; fileRef = 7EBF4A401AD6E1CE00C98EFA /* TeamProfileViewController.swift */; };
		7EBFA9E31AE60D2D00986361 /* CompetitionTableCell.swift in Sources */ = {isa = PBXBuildFile; fileRef = 7EBFA9E21AE60D2D00986361 /* CompetitionTableCell.swift */; };
		7EBFE57B1B02E9A700E804BC /* Award.swift in Sources */ = {isa = PBXBuildFile; fileRef = 7EBFE57A1B02E9A700E804BC /* Award.swift */; };
		7EBFE57D1B02F59600E804BC /* AwardCell.swift in Sources */ = {isa = PBXBuildFile; fileRef = 7EBFE57C1B02F59600E804BC /* AwardCell.swift */; };
		7EBFE57F1B02FC1900E804BC /* StatsTeamProfileViewController.swift in Sources */ = {isa = PBXBuildFile; fileRef = 7EBFE57E1B02FC1900E804BC /* StatsTeamProfileViewController.swift */; };
		7EBFFB941AED68CA003597FE /* UICheckBoxButton.swift in Sources */ = {isa = PBXBuildFile; fileRef = 7EBFFB931AED68CA003597FE /* UICheckBoxButton.swift */; };
		7EC16D641AE738A60094A4B0 /* CompetitionForTeamProfile.swift in Sources */ = {isa = PBXBuildFile; fileRef = 7EC16D631AE738A60094A4B0 /* CompetitionForTeamProfile.swift */; };
		7EC1B0981B16C0CC00B3A7BA /* GraySquare.png in Resources */ = {isa = PBXBuildFile; fileRef = 7EC1B0971B16C0CC00B3A7BA /* GraySquare.png */; };
		7EC299191AD5920200A7E008 /* Firebase.framework in Frameworks */ = {isa = PBXBuildFile; fileRef = 7EC299181AD5920200A7E008 /* Firebase.framework */; };
		7EC2991B1AD5925500A7E008 /* libc++.dylib in Frameworks */ = {isa = PBXBuildFile; fileRef = 7EC2991A1AD5925500A7E008 /* libc++.dylib */; };
		7EC2991D1AD5926E00A7E008 /* libicucore.dylib in Frameworks */ = {isa = PBXBuildFile; fileRef = 7EC2991C1AD5926E00A7E008 /* libicucore.dylib */; };
		7EC2991F1AD5927800A7E008 /* CFNetwork.framework in Frameworks */ = {isa = PBXBuildFile; fileRef = 7EC2991E1AD5927800A7E008 /* CFNetwork.framework */; };
		7EC299211AD5928300A7E008 /* Security.framework in Frameworks */ = {isa = PBXBuildFile; fileRef = 7EC299201AD5928300A7E008 /* Security.framework */; };
		7EC299231AD5928D00A7E008 /* SystemConfiguration.framework in Frameworks */ = {isa = PBXBuildFile; fileRef = 7EC299221AD5928D00A7E008 /* SystemConfiguration.framework */; };
		7EC299271AD5C67400A7E008 /* MainMenuViewController.swift in Sources */ = {isa = PBXBuildFile; fileRef = 7EC299261AD5C67400A7E008 /* MainMenuViewController.swift */; };
		7EC299291AD6548100A7E008 /* TeamListTableViewController.swift in Sources */ = {isa = PBXBuildFile; fileRef = 7EC299281AD6548100A7E008 /* TeamListTableViewController.swift */; };
		7EC2DE161AF6C0A4002071AC /* Team.swift in Sources */ = {isa = PBXBuildFile; fileRef = 7EC2DE151AF6C0A4002071AC /* Team.swift */; };
		7EC2DE181AF6C0AF002071AC /* Competition.swift in Sources */ = {isa = PBXBuildFile; fileRef = 7EC2DE171AF6C0AF002071AC /* Competition.swift */; };
		7EC354AE1B39DD4600829C3C /* wrenchSelected.png in Resources */ = {isa = PBXBuildFile; fileRef = 7EC354AD1B39DD4600829C3C /* wrenchSelected.png */; };
		7EC54D241B20F9A1009CEF3A /* AKPickerView.swift in Sources */ = {isa = PBXBuildFile; fileRef = 7EC54D231B20F9A1009CEF3A /* AKPickerView.swift */; };
		7EC5AB351B3352400046250B /* SkillsViewController.swift in Sources */ = {isa = PBXBuildFile; fileRef = 7EC5AB341B3352400046250B /* SkillsViewController.swift */; };
		7EC5AB371B33561B0046250B /* Skills.swift in Sources */ = {isa = PBXBuildFile; fileRef = 7EC5AB361B33561B0046250B /* Skills.swift */; };
		7EC5AB391B3356620046250B /* SkillsCell.swift in Sources */ = {isa = PBXBuildFile; fileRef = 7EC5AB381B3356620046250B /* SkillsCell.swift */; };
		7EC5B8B01B2DEC7F0072815F /* EmptyCompetitionProfileViewController.swift in Sources */ = {isa = PBXBuildFile; fileRef = 7EC5B8AF1B2DEC7F0072815F /* EmptyCompetitionProfileViewController.swift */; };
		7EC7724A1B0EB20700FB1E48 /* RankingTableCell.swift in Sources */ = {isa = PBXBuildFile; fileRef = 7EC772491B0EB20700FB1E48 /* RankingTableCell.swift */; };
		7EC81E3D1AD30078008F0639 /* AppDelegate.swift in Sources */ = {isa = PBXBuildFile; fileRef = 7EC81E3C1AD30078008F0639 /* AppDelegate.swift */; };
		7EC81E421AD30078008F0639 /* Main.storyboard in Resources */ = {isa = PBXBuildFile; fileRef = 7EC81E401AD30078008F0639 /* Main.storyboard */; };
		7EC81E441AD30078008F0639 /* Images.xcassets in Resources */ = {isa = PBXBuildFile; fileRef = 7EC81E431AD30078008F0639 /* Images.xcassets */; };
		7EC81E471AD30078008F0639 /* LaunchScreen.xib in Resources */ = {isa = PBXBuildFile; fileRef = 7EC81E451AD30078008F0639 /* LaunchScreen.xib */; };
		7EC81E531AD30078008F0639 /* FriarScoutVexTests.swift in Sources */ = {isa = PBXBuildFile; fileRef = 7EC81E521AD30078008F0639 /* FriarScoutVexTests.swift */; };
		7EC81E5D1AD301AE008F0639 /* BebasNeue.otf in Resources */ = {isa = PBXBuildFile; fileRef = 7EC81E5C1AD300E1008F0639 /* BebasNeue.otf */; };
		7EC81E5E1AD301C0008F0639 /* BebasNeue.otf in Resources */ = {isa = PBXBuildFile; fileRef = 7EC81E5C1AD300E1008F0639 /* BebasNeue.otf */; };
		7EC93BC71B00315500796251 /* OverviewTeamProfileViewController.swift in Sources */ = {isa = PBXBuildFile; fileRef = 7EC93BC61B00315500796251 /* OverviewTeamProfileViewController.swift */; };
		7EC93BCB1B00328A00796251 /* HasTeamViewController.swift in Sources */ = {isa = PBXBuildFile; fileRef = 7EC93BCA1B00328A00796251 /* HasTeamViewController.swift */; };
		7ECAEBDE1B090B4C0056733A /* OverviewCompetitionProfileViewController.swift in Sources */ = {isa = PBXBuildFile; fileRef = 7ECAEBDD1B090B4C0056733A /* OverviewCompetitionProfileViewController.swift */; };
		7ECAEBE01B090B9F0056733A /* MatchesCompetitionProfileViewController.swift in Sources */ = {isa = PBXBuildFile; fileRef = 7ECAEBDF1B090B9F0056733A /* MatchesCompetitionProfileViewController.swift */; };
		7ECAEBE21B090BCB0056733A /* AwardsCompetitionProfileViewController.swift in Sources */ = {isa = PBXBuildFile; fileRef = 7ECAEBE11B090BCB0056733A /* AwardsCompetitionProfileViewController.swift */; };
		7ECAEBE41B0913ED0056733A /* HasCompetitionViewController.swift in Sources */ = {isa = PBXBuildFile; fileRef = 7ECAEBE31B0913ED0056733A /* HasCompetitionViewController.swift */; };
		7ECC92FE1B3906A30082F128 /* ProgrammingSkillsViewController.swift in Sources */ = {isa = PBXBuildFile; fileRef = 7ECC92FD1B3906A30082F128 /* ProgrammingSkillsViewController.swift */; };
		7ECC930F1B3911330082F128 /* teamOverview.png in Resources */ = {isa = PBXBuildFile; fileRef = 7ECC930E1B3911330082F128 /* teamOverview.png */; };
		7ECC93161B3913870082F128 /* awards.png in Resources */ = {isa = PBXBuildFile; fileRef = 7ECC93101B3913870082F128 /* awards.png */; };
		7ECC93171B3913870082F128 /* compOverview.png in Resources */ = {isa = PBXBuildFile; fileRef = 7ECC93111B3913870082F128 /* compOverview.png */; };
		7ECC93181B3913870082F128 /* matchList.png in Resources */ = {isa = PBXBuildFile; fileRef = 7ECC93121B3913870082F128 /* matchList.png */; };
		7ECC93191B3913870082F128 /* moreStats.png in Resources */ = {isa = PBXBuildFile; fileRef = 7ECC93131B3913870082F128 /* moreStats.png */; };
		7ECC931A1B3913870082F128 /* ps.png in Resources */ = {isa = PBXBuildFile; fileRef = 7ECC93141B3913870082F128 /* ps.png */; };
		7ECC931B1B3913870082F128 /* rs.png in Resources */ = {isa = PBXBuildFile; fileRef = 7ECC93151B3913870082F128 /* rs.png */; };
		7ECC931D1B3917DC0082F128 /* vexLogo.png in Resources */ = {isa = PBXBuildFile; fileRef = 7ECC931C1B3917DC0082F128 /* vexLogo.png */; };
		7ECC931F1B391AE60082F128 /* friarbots white logo.png in Resources */ = {isa = PBXBuildFile; fileRef = 7ECC931E1B391AE60082F128 /* friarbots white logo.png */; };
		7ECC93211B391DF70082F128 /* gear.png in Resources */ = {isa = PBXBuildFile; fileRef = 7ECC93201B391DF70082F128 /* gear.png */; };
		7ECC93251B3920CB0082F128 /* wrench.png in Resources */ = {isa = PBXBuildFile; fileRef = 7ECC93241B3920CB0082F128 /* wrench.png */; };
		7EE78C951AED789B001ED13F /* MatchTableCell.swift in Sources */ = {isa = PBXBuildFile; fileRef = 7EE78C941AED789B001ED13F /* MatchTableCell.swift */; };
		7EE78C991AED7FF8001ED13F /* Match.swift in Sources */ = {isa = PBXBuildFile; fileRef = 7EE78C981AED7FF8001ED13F /* Match.swift */; };
		7EEA292D1B05A1A50057DD1D /* UserProfile.swift in Sources */ = {isa = PBXBuildFile; fileRef = 7EEA292C1B05A1A50057DD1D /* UserProfile.swift */; };
/* End PBXBuildFile section */

/* Begin PBXContainerItemProxy section */
		7EC81E4D1AD30078008F0639 /* PBXContainerItemProxy */ = {
			isa = PBXContainerItemProxy;
			containerPortal = 7EC81E2F1AD30078008F0639 /* Project object */;
			proxyType = 1;
			remoteGlobalIDString = 7EC81E361AD30078008F0639;
			remoteInfo = FriarScoutVex;
		};
/* End PBXContainerItemProxy section */

/* Begin PBXFileReference section */
		7E6A461D1B3BC9A700AE63C3 /* launch.png */ = {isa = PBXFileReference; lastKnownFileType = image.png; path = launch.png; sourceTree = "<group>"; };
		7E6A461F1B3BD59C00AE63C3 /* helpMe.png */ = {isa = PBXFileReference; lastKnownFileType = image.png; path = helpMe.png; sourceTree = "<group>"; };
		7E6A46231B3BDE5000AE63C3 /* flames.png */ = {isa = PBXFileReference; lastKnownFileType = image.png; path = flames.png; sourceTree = "<group>"; };
		7EB472E31B706C1600F29190 /* Colors.swift */ = {isa = PBXFileReference; fileEncoding = 4; lastKnownFileType = sourcecode.swift; path = Colors.swift; sourceTree = "<group>"; };
		7EB472E51B709E8600F29190 /* FavoritedIcon.png */ = {isa = PBXFileReference; lastKnownFileType = image.png; path = FavoritedIcon.png; sourceTree = "<group>"; };
		7EB472E71B709E8D00F29190 /* UnfavoritedIcon.png */ = {isa = PBXFileReference; lastKnownFileType = image.png; path = UnfavoritedIcon.png; sourceTree = "<group>"; };
		7EBE424B1B4CD1E30015D500 /* TeamBookmarksViewController.swift */ = {isa = PBXFileReference; fileEncoding = 4; lastKnownFileType = sourcecode.swift; path = TeamBookmarksViewController.swift; sourceTree = "<group>"; };
		7EBF07641B4DDADB00B965D1 /* TeamBookmarkCell.swift */ = {isa = PBXFileReference; fileEncoding = 4; lastKnownFileType = sourcecode.swift; path = TeamBookmarkCell.swift; sourceTree = "<group>"; };
		7EBF07661B4E1FC900B965D1 /* CompetitionBookmarkController.swift */ = {isa = PBXFileReference; fileEncoding = 4; lastKnownFileType = sourcecode.swift; path = CompetitionBookmarkController.swift; sourceTree = "<group>"; };
		7EBF4A401AD6E1CE00C98EFA /* TeamProfileViewController.swift */ = {isa = PBXFileReference; fileEncoding = 4; lastKnownFileType = sourcecode.swift; path = TeamProfileViewController.swift; sourceTree = "<group>"; };
		7EBFA9E21AE60D2D00986361 /* CompetitionTableCell.swift */ = {isa = PBXFileReference; fileEncoding = 4; lastKnownFileType = sourcecode.swift; path = CompetitionTableCell.swift; sourceTree = "<group>"; };
		7EBFE57A1B02E9A700E804BC /* Award.swift */ = {isa = PBXFileReference; fileEncoding = 4; lastKnownFileType = sourcecode.swift; path = Award.swift; sourceTree = "<group>"; };
		7EBFE57C1B02F59600E804BC /* AwardCell.swift */ = {isa = PBXFileReference; fileEncoding = 4; lastKnownFileType = sourcecode.swift; path = AwardCell.swift; sourceTree = "<group>"; };
		7EBFE57E1B02FC1900E804BC /* StatsTeamProfileViewController.swift */ = {isa = PBXFileReference; fileEncoding = 4; lastKnownFileType = sourcecode.swift; path = StatsTeamProfileViewController.swift; sourceTree = "<group>"; };
		7EBFFB931AED68CA003597FE /* UICheckBoxButton.swift */ = {isa = PBXFileReference; fileEncoding = 4; lastKnownFileType = sourcecode.swift; path = UICheckBoxButton.swift; sourceTree = "<group>"; };
		7EC16D631AE738A60094A4B0 /* CompetitionForTeamProfile.swift */ = {isa = PBXFileReference; fileEncoding = 4; lastKnownFileType = sourcecode.swift; path = CompetitionForTeamProfile.swift; sourceTree = "<group>"; };
		7EC1B0971B16C0CC00B3A7BA /* GraySquare.png */ = {isa = PBXFileReference; lastKnownFileType = image.png; path = GraySquare.png; sourceTree = "<group>"; };
		7EC299181AD5920200A7E008 /* Firebase.framework */ = {isa = PBXFileReference; lastKnownFileType = wrapper.framework; path = Firebase.framework; sourceTree = "<group>"; };
		7EC2991A1AD5925500A7E008 /* libc++.dylib */ = {isa = PBXFileReference; lastKnownFileType = "compiled.mach-o.dylib"; name = "libc++.dylib"; path = "usr/lib/libc++.dylib"; sourceTree = SDKROOT; };
		7EC2991C1AD5926E00A7E008 /* libicucore.dylib */ = {isa = PBXFileReference; lastKnownFileType = "compiled.mach-o.dylib"; name = libicucore.dylib; path = usr/lib/libicucore.dylib; sourceTree = SDKROOT; };
		7EC2991E1AD5927800A7E008 /* CFNetwork.framework */ = {isa = PBXFileReference; lastKnownFileType = wrapper.framework; name = CFNetwork.framework; path = System/Library/Frameworks/CFNetwork.framework; sourceTree = SDKROOT; };
		7EC299201AD5928300A7E008 /* Security.framework */ = {isa = PBXFileReference; lastKnownFileType = wrapper.framework; name = Security.framework; path = System/Library/Frameworks/Security.framework; sourceTree = SDKROOT; };
		7EC299221AD5928D00A7E008 /* SystemConfiguration.framework */ = {isa = PBXFileReference; lastKnownFileType = wrapper.framework; name = SystemConfiguration.framework; path = System/Library/Frameworks/SystemConfiguration.framework; sourceTree = SDKROOT; };
		7EC299241AD592D500A7E008 /* FriarScoutVex-Bridging-Header.h */ = {isa = PBXFileReference; lastKnownFileType = sourcecode.c.h; path = "FriarScoutVex-Bridging-Header.h"; sourceTree = "<group>"; };
		7EC299261AD5C67400A7E008 /* MainMenuViewController.swift */ = {isa = PBXFileReference; fileEncoding = 4; lastKnownFileType = sourcecode.swift; path = MainMenuViewController.swift; sourceTree = "<group>"; };
		7EC299281AD6548100A7E008 /* TeamListTableViewController.swift */ = {isa = PBXFileReference; fileEncoding = 4; lastKnownFileType = sourcecode.swift; path = TeamListTableViewController.swift; sourceTree = "<group>"; };
		7EC2DE151AF6C0A4002071AC /* Team.swift */ = {isa = PBXFileReference; fileEncoding = 4; lastKnownFileType = sourcecode.swift; path = Team.swift; sourceTree = "<group>"; };
		7EC2DE171AF6C0AF002071AC /* Competition.swift */ = {isa = PBXFileReference; fileEncoding = 4; lastKnownFileType = sourcecode.swift; path = Competition.swift; sourceTree = "<group>"; };
		7EC354AD1B39DD4600829C3C /* wrenchSelected.png */ = {isa = PBXFileReference; lastKnownFileType = image.png; path = wrenchSelected.png; sourceTree = "<group>"; };
		7EC54D231B20F9A1009CEF3A /* AKPickerView.swift */ = {isa = PBXFileReference; fileEncoding = 4; lastKnownFileType = sourcecode.swift; path = AKPickerView.swift; sourceTree = "<group>"; };
		7EC5AB341B3352400046250B /* SkillsViewController.swift */ = {isa = PBXFileReference; fileEncoding = 4; lastKnownFileType = sourcecode.swift; path = SkillsViewController.swift; sourceTree = "<group>"; };
		7EC5AB361B33561B0046250B /* Skills.swift */ = {isa = PBXFileReference; fileEncoding = 4; lastKnownFileType = sourcecode.swift; path = Skills.swift; sourceTree = "<group>"; };
		7EC5AB381B3356620046250B /* SkillsCell.swift */ = {isa = PBXFileReference; fileEncoding = 4; lastKnownFileType = sourcecode.swift; path = SkillsCell.swift; sourceTree = "<group>"; };
		7EC5B8AF1B2DEC7F0072815F /* EmptyCompetitionProfileViewController.swift */ = {isa = PBXFileReference; fileEncoding = 4; lastKnownFileType = sourcecode.swift; path = EmptyCompetitionProfileViewController.swift; sourceTree = "<group>"; };
		7EC772491B0EB20700FB1E48 /* RankingTableCell.swift */ = {isa = PBXFileReference; fileEncoding = 4; lastKnownFileType = sourcecode.swift; path = RankingTableCell.swift; sourceTree = "<group>"; };
		7EC81E371AD30078008F0639 /* FriarScoutVex.app */ = {isa = PBXFileReference; explicitFileType = wrapper.application; includeInIndex = 0; path = FriarScoutVex.app; sourceTree = BUILT_PRODUCTS_DIR; };
		7EC81E3B1AD30078008F0639 /* Info.plist */ = {isa = PBXFileReference; lastKnownFileType = text.plist.xml; path = Info.plist; sourceTree = "<group>"; };
		7EC81E3C1AD30078008F0639 /* AppDelegate.swift */ = {isa = PBXFileReference; lastKnownFileType = sourcecode.swift; path = AppDelegate.swift; sourceTree = "<group>"; };
		7EC81E411AD30078008F0639 /* Base */ = {isa = PBXFileReference; lastKnownFileType = file.storyboard; name = Base; path = Base.lproj/Main.storyboard; sourceTree = "<group>"; };
		7EC81E431AD30078008F0639 /* Images.xcassets */ = {isa = PBXFileReference; lastKnownFileType = folder.assetcatalog; path = Images.xcassets; sourceTree = "<group>"; };
		7EC81E461AD30078008F0639 /* Base */ = {isa = PBXFileReference; lastKnownFileType = file.xib; name = Base; path = Base.lproj/LaunchScreen.xib; sourceTree = "<group>"; };
		7EC81E4C1AD30078008F0639 /* FriarScoutVexTests.xctest */ = {isa = PBXFileReference; explicitFileType = wrapper.cfbundle; includeInIndex = 0; path = FriarScoutVexTests.xctest; sourceTree = BUILT_PRODUCTS_DIR; };
		7EC81E511AD30078008F0639 /* Info.plist */ = {isa = PBXFileReference; lastKnownFileType = text.plist.xml; path = Info.plist; sourceTree = "<group>"; };
		7EC81E521AD30078008F0639 /* FriarScoutVexTests.swift */ = {isa = PBXFileReference; lastKnownFileType = sourcecode.swift; path = FriarScoutVexTests.swift; sourceTree = "<group>"; };
		7EC81E5C1AD300E1008F0639 /* BebasNeue.otf */ = {isa = PBXFileReference; lastKnownFileType = file; path = BebasNeue.otf; sourceTree = "<group>"; };
		7EC93BC61B00315500796251 /* OverviewTeamProfileViewController.swift */ = {isa = PBXFileReference; fileEncoding = 4; lastKnownFileType = sourcecode.swift; path = OverviewTeamProfileViewController.swift; sourceTree = "<group>"; };
		7EC93BCA1B00328A00796251 /* HasTeamViewController.swift */ = {isa = PBXFileReference; fileEncoding = 4; lastKnownFileType = sourcecode.swift; path = HasTeamViewController.swift; sourceTree = "<group>"; };
		7ECAEBDD1B090B4C0056733A /* OverviewCompetitionProfileViewController.swift */ = {isa = PBXFileReference; fileEncoding = 4; lastKnownFileType = sourcecode.swift; path = OverviewCompetitionProfileViewController.swift; sourceTree = "<group>"; };
		7ECAEBDF1B090B9F0056733A /* MatchesCompetitionProfileViewController.swift */ = {isa = PBXFileReference; fileEncoding = 4; lastKnownFileType = sourcecode.swift; path = MatchesCompetitionProfileViewController.swift; sourceTree = "<group>"; };
		7ECAEBE11B090BCB0056733A /* AwardsCompetitionProfileViewController.swift */ = {isa = PBXFileReference; fileEncoding = 4; lastKnownFileType = sourcecode.swift; path = AwardsCompetitionProfileViewController.swift; sourceTree = "<group>"; };
		7ECAEBE31B0913ED0056733A /* HasCompetitionViewController.swift */ = {isa = PBXFileReference; fileEncoding = 4; lastKnownFileType = sourcecode.swift; path = HasCompetitionViewController.swift; sourceTree = "<group>"; };
		7ECC92FD1B3906A30082F128 /* ProgrammingSkillsViewController.swift */ = {isa = PBXFileReference; fileEncoding = 4; lastKnownFileType = sourcecode.swift; path = ProgrammingSkillsViewController.swift; sourceTree = "<group>"; };
		7ECC930E1B3911330082F128 /* teamOverview.png */ = {isa = PBXFileReference; lastKnownFileType = image.png; path = teamOverview.png; sourceTree = "<group>"; };
		7ECC93101B3913870082F128 /* awards.png */ = {isa = PBXFileReference; lastKnownFileType = image.png; path = awards.png; sourceTree = "<group>"; };
		7ECC93111B3913870082F128 /* compOverview.png */ = {isa = PBXFileReference; lastKnownFileType = image.png; path = compOverview.png; sourceTree = "<group>"; };
		7ECC93121B3913870082F128 /* matchList.png */ = {isa = PBXFileReference; lastKnownFileType = image.png; path = matchList.png; sourceTree = "<group>"; };
		7ECC93131B3913870082F128 /* moreStats.png */ = {isa = PBXFileReference; lastKnownFileType = image.png; path = moreStats.png; sourceTree = "<group>"; };
		7ECC93141B3913870082F128 /* ps.png */ = {isa = PBXFileReference; lastKnownFileType = image.png; path = ps.png; sourceTree = "<group>"; };
		7ECC93151B3913870082F128 /* rs.png */ = {isa = PBXFileReference; lastKnownFileType = image.png; path = rs.png; sourceTree = "<group>"; };
		7ECC931C1B3917DC0082F128 /* vexLogo.png */ = {isa = PBXFileReference; lastKnownFileType = image.png; path = vexLogo.png; sourceTree = "<group>"; };
		7ECC931E1B391AE60082F128 /* friarbots white logo.png */ = {isa = PBXFileReference; lastKnownFileType = image.png; path = "friarbots white logo.png"; sourceTree = "<group>"; };
		7ECC93201B391DF70082F128 /* gear.png */ = {isa = PBXFileReference; lastKnownFileType = image.png; path = gear.png; sourceTree = "<group>"; };
		7ECC93241B3920CB0082F128 /* wrench.png */ = {isa = PBXFileReference; lastKnownFileType = image.png; path = wrench.png; sourceTree = "<group>"; };
		7EE78C941AED789B001ED13F /* MatchTableCell.swift */ = {isa = PBXFileReference; fileEncoding = 4; lastKnownFileType = sourcecode.swift; path = MatchTableCell.swift; sourceTree = "<group>"; };
		7EE78C981AED7FF8001ED13F /* Match.swift */ = {isa = PBXFileReference; fileEncoding = 4; lastKnownFileType = sourcecode.swift; path = Match.swift; sourceTree = "<group>"; };
		7EEA292C1B05A1A50057DD1D /* UserProfile.swift */ = {isa = PBXFileReference; fileEncoding = 4; lastKnownFileType = sourcecode.swift; path = UserProfile.swift; sourceTree = "<group>"; };
/* End PBXFileReference section */

/* Begin PBXFrameworksBuildPhase section */
		7EC81E341AD30078008F0639 /* Frameworks */ = {
			isa = PBXFrameworksBuildPhase;
			buildActionMask = 2147483647;
			files = (
				7EC299231AD5928D00A7E008 /* SystemConfiguration.framework in Frameworks */,
				7EC299211AD5928300A7E008 /* Security.framework in Frameworks */,
				7EC2991F1AD5927800A7E008 /* CFNetwork.framework in Frameworks */,
				7EC2991D1AD5926E00A7E008 /* libicucore.dylib in Frameworks */,
				7EC2991B1AD5925500A7E008 /* libc++.dylib in Frameworks */,
				7EC299191AD5920200A7E008 /* Firebase.framework in Frameworks */,
			);
			runOnlyForDeploymentPostprocessing = 0;
		};
		7EC81E491AD30078008F0639 /* Frameworks */ = {
			isa = PBXFrameworksBuildPhase;
			buildActionMask = 2147483647;
			files = (
			);
			runOnlyForDeploymentPostprocessing = 0;
		};
/* End PBXFrameworksBuildPhase section */

/* Begin PBXGroup section */
		7EBE42491B4CD17E0015D500 /* Skills */ = {
			isa = PBXGroup;
			children = (
				7EC5AB341B3352400046250B /* SkillsViewController.swift */,
				7ECC92FD1B3906A30082F128 /* ProgrammingSkillsViewController.swift */,
			);
			name = Skills;
			sourceTree = "<group>";
		};
		7EBE424A1B4CD1BB0015D500 /* Bookmarks */ = {
			isa = PBXGroup;
			children = (
				7EBE424B1B4CD1E30015D500 /* TeamBookmarksViewController.swift */,
				7EBF07661B4E1FC900B965D1 /* CompetitionBookmarkController.swift */,
			);
			name = Bookmarks;
			sourceTree = "<group>";
		};
		7EBFFB8C1AED66BA003597FE /* ViewControllers */ = {
			isa = PBXGroup;
			children = (
				7EC299261AD5C67400A7E008 /* MainMenuViewController.swift */,
				7EBE42491B4CD17E0015D500 /* Skills */,
				7EBE424A1B4CD1BB0015D500 /* Bookmarks */,
				7EBFFB8E1AED66EF003597FE /* Profiles */,
			);
			name = ViewControllers;
			sourceTree = "<group>";
		};
		7EBFFB8E1AED66EF003597FE /* Profiles */ = {
			isa = PBXGroup;
			children = (
				7EC5B8AF1B2DEC7F0072815F /* EmptyCompetitionProfileViewController.swift */,
				7ECAEBDC1B090B190056733A /* Competition Profile */,
				7EC93BC91B00316800796251 /* CompetitionForTeamProfile */,
				7EC93BC81B00315C00796251 /* Team Profile */,
			);
			name = Profiles;
			sourceTree = "<group>";
		};
		7EBFFB8F1AED671C003597FE /* TableCells */ = {
			isa = PBXGroup;
			children = (
				7EBFA9E21AE60D2D00986361 /* CompetitionTableCell.swift */,
				7EE78C941AED789B001ED13F /* MatchTableCell.swift */,
				7EBFE57C1B02F59600E804BC /* AwardCell.swift */,
				7EC772491B0EB20700FB1E48 /* RankingTableCell.swift */,
				7EC5AB381B3356620046250B /* SkillsCell.swift */,
				7EBF07641B4DDADB00B965D1 /* TeamBookmarkCell.swift */,
			);
			name = TableCells;
			sourceTree = "<group>";
		};
		7EBFFB901AED673A003597FE /* Depracated */ = {
			isa = PBXGroup;
			children = (
				7EC299281AD6548100A7E008 /* TeamListTableViewController.swift */,
			);
			name = Depracated;
			sourceTree = "<group>";
		};
		7EBFFB911AED6750003597FE /* Interface */ = {
			isa = PBXGroup;
			children = (
				7ECC931C1B3917DC0082F128 /* vexLogo.png */,
				7ECC931E1B391AE60082F128 /* friarbots white logo.png */,
				7ECC92FF1B390E820082F128 /* Icons */,
				7EC54D231B20F9A1009CEF3A /* AKPickerView.swift */,
				7EC81E401AD30078008F0639 /* Main.storyboard */,
				7EC81E431AD30078008F0639 /* Images.xcassets */,
				7EC81E451AD30078008F0639 /* LaunchScreen.xib */,
			);
			name = Interface;
			sourceTree = "<group>";
		};
		7EBFFB921AED68A1003597FE /* Views */ = {
			isa = PBXGroup;
			children = (
				7EBFFB931AED68CA003597FE /* UICheckBoxButton.swift */,
			);
			name = Views;
			sourceTree = "<group>";
		};
		7EC81E2E1AD30078008F0639 = {
			isa = PBXGroup;
			children = (
				7EC299221AD5928D00A7E008 /* SystemConfiguration.framework */,
				7EC299201AD5928300A7E008 /* Security.framework */,
				7EC2991E1AD5927800A7E008 /* CFNetwork.framework */,
				7EC2991C1AD5926E00A7E008 /* libicucore.dylib */,
				7EC2991A1AD5925500A7E008 /* libc++.dylib */,
				7EC299181AD5920200A7E008 /* Firebase.framework */,
				7EC81E5C1AD300E1008F0639 /* BebasNeue.otf */,
				7EC81E391AD30078008F0639 /* FriarScoutVex */,
				7EC81E4F1AD30078008F0639 /* FriarScoutVexTests */,
				7EC81E381AD30078008F0639 /* Products */,
				7EC299241AD592D500A7E008 /* FriarScoutVex-Bridging-Header.h */,
			);
			sourceTree = "<group>";
		};
		7EC81E381AD30078008F0639 /* Products */ = {
			isa = PBXGroup;
			children = (
				7EC81E371AD30078008F0639 /* FriarScoutVex.app */,
				7EC81E4C1AD30078008F0639 /* FriarScoutVexTests.xctest */,
			);
			name = Products;
			sourceTree = "<group>";
		};
		7EC81E391AD30078008F0639 /* FriarScoutVex */ = {
			isa = PBXGroup;
			children = (
				7EC81E3C1AD30078008F0639 /* AppDelegate.swift */,
				7EBFFB8C1AED66BA003597FE /* ViewControllers */,
				7EBFFB8F1AED671C003597FE /* TableCells */,
				7EBFFB911AED6750003597FE /* Interface */,
				7EBFFB921AED68A1003597FE /* Views */,
				7EE78C971AED7FE4001ED13F /* Model */,
				7EBFFB901AED673A003597FE /* Depracated */,
				7EC1B0971B16C0CC00B3A7BA /* GraySquare.png */,
				7EC81E3A1AD30078008F0639 /* Supporting Files */,
				7EB472E31B706C1600F29190 /* Colors.swift */,
			);
			path = FriarScoutVex;
			sourceTree = "<group>";
		};
		7EC81E3A1AD30078008F0639 /* Supporting Files */ = {
			isa = PBXGroup;
			children = (
				7EC81E3B1AD30078008F0639 /* Info.plist */,
			);
			name = "Supporting Files";
			sourceTree = "<group>";
		};
		7EC81E4F1AD30078008F0639 /* FriarScoutVexTests */ = {
			isa = PBXGroup;
			children = (
				7EC81E521AD30078008F0639 /* FriarScoutVexTests.swift */,
				7EC81E501AD30078008F0639 /* Supporting Files */,
			);
			path = FriarScoutVexTests;
			sourceTree = "<group>";
		};
		7EC81E501AD30078008F0639 /* Supporting Files */ = {
			isa = PBXGroup;
			children = (
				7EC81E511AD30078008F0639 /* Info.plist */,
			);
			name = "Supporting Files";
			sourceTree = "<group>";
		};
		7EC93BC81B00315C00796251 /* Team Profile */ = {
			isa = PBXGroup;
			children = (
				7EBF4A401AD6E1CE00C98EFA /* TeamProfileViewController.swift */,
				7EC93BC61B00315500796251 /* OverviewTeamProfileViewController.swift */,
				7EC93BCA1B00328A00796251 /* HasTeamViewController.swift */,
				7EBFE57E1B02FC1900E804BC /* StatsTeamProfileViewController.swift */,
			);
			name = "Team Profile";
			sourceTree = "<group>";
		};
		7EC93BC91B00316800796251 /* CompetitionForTeamProfile */ = {
			isa = PBXGroup;
			children = (
				7EC16D631AE738A60094A4B0 /* CompetitionForTeamProfile.swift */,
			);
			name = CompetitionForTeamProfile;
			sourceTree = "<group>";
		};
		7ECAEBDC1B090B190056733A /* Competition Profile */ = {
			isa = PBXGroup;
			children = (
				7ECAEBDD1B090B4C0056733A /* OverviewCompetitionProfileViewController.swift */,
				7ECAEBDF1B090B9F0056733A /* MatchesCompetitionProfileViewController.swift */,
				7ECAEBE11B090BCB0056733A /* AwardsCompetitionProfileViewController.swift */,
				7ECAEBE31B0913ED0056733A /* HasCompetitionViewController.swift */,
			);
			name = "Competition Profile";
			sourceTree = "<group>";
		};
		7ECC92FF1B390E820082F128 /* Icons */ = {
			isa = PBXGroup;
			children = (
				7EB472E71B709E8D00F29190 /* UnfavoritedIcon.png */,
				7EB472E51B709E8600F29190 /* FavoritedIcon.png */,
				7E6A46231B3BDE5000AE63C3 /* flames.png */,
				7E6A461F1B3BD59C00AE63C3 /* helpMe.png */,
				7E6A461D1B3BC9A700AE63C3 /* launch.png */,
				7EC354AD1B39DD4600829C3C /* wrenchSelected.png */,
				7ECC93241B3920CB0082F128 /* wrench.png */,
				7ECC93201B391DF70082F128 /* gear.png */,
				7ECC93101B3913870082F128 /* awards.png */,
				7ECC93111B3913870082F128 /* compOverview.png */,
				7ECC93121B3913870082F128 /* matchList.png */,
				7ECC93131B3913870082F128 /* moreStats.png */,
				7ECC93141B3913870082F128 /* ps.png */,
				7ECC93151B3913870082F128 /* rs.png */,
				7ECC930E1B3911330082F128 /* teamOverview.png */,
			);
			name = Icons;
			sourceTree = "<group>";
		};
		7EE78C971AED7FE4001ED13F /* Model */ = {
			isa = PBXGroup;
			children = (
				7EE78C981AED7FF8001ED13F /* Match.swift */,
				7EC2DE151AF6C0A4002071AC /* Team.swift */,
				7EC2DE171AF6C0AF002071AC /* Competition.swift */,
				7EBFE57A1B02E9A700E804BC /* Award.swift */,
				7EEA292C1B05A1A50057DD1D /* UserProfile.swift */,
				7EC5AB361B33561B0046250B /* Skills.swift */,
			);
			name = Model;
			sourceTree = "<group>";
		};
/* End PBXGroup section */

/* Begin PBXNativeTarget section */
		7EC81E361AD30078008F0639 /* FriarScoutVex */ = {
			isa = PBXNativeTarget;
			buildConfigurationList = 7EC81E561AD30078008F0639 /* Build configuration list for PBXNativeTarget "FriarScoutVex" */;
			buildPhases = (
				7EC81E331AD30078008F0639 /* Sources */,
				7EC81E341AD30078008F0639 /* Frameworks */,
				7EC81E351AD30078008F0639 /* Resources */,
			);
			buildRules = (
			);
			dependencies = (
			);
			name = FriarScoutVex;
			productName = FriarScoutVex;
			productReference = 7EC81E371AD30078008F0639 /* FriarScoutVex.app */;
			productType = "com.apple.product-type.application";
		};
		7EC81E4B1AD30078008F0639 /* FriarScoutVexTests */ = {
			isa = PBXNativeTarget;
			buildConfigurationList = 7EC81E591AD30078008F0639 /* Build configuration list for PBXNativeTarget "FriarScoutVexTests" */;
			buildPhases = (
				7EC81E481AD30078008F0639 /* Sources */,
				7EC81E491AD30078008F0639 /* Frameworks */,
				7EC81E4A1AD30078008F0639 /* Resources */,
			);
			buildRules = (
			);
			dependencies = (
				7EC81E4E1AD30078008F0639 /* PBXTargetDependency */,
			);
			name = FriarScoutVexTests;
			productName = FriarScoutVexTests;
			productReference = 7EC81E4C1AD30078008F0639 /* FriarScoutVexTests.xctest */;
			productType = "com.apple.product-type.bundle.unit-test";
		};
/* End PBXNativeTarget section */

/* Begin PBXProject section */
		7EC81E2F1AD30078008F0639 /* Project object */ = {
			isa = PBXProject;
			attributes = {
				LastUpgradeCheck = 0620;
				ORGANIZATIONNAME = "Matthew Krager";
				TargetAttributes = {
					7EC81E361AD30078008F0639 = {
						CreatedOnToolsVersion = 6.2;
						DevelopmentTeam = 2MD9NK2MQ3;
					};
					7EC81E4B1AD30078008F0639 = {
						CreatedOnToolsVersion = 6.2;
						DevelopmentTeam = 2MD9NK2MQ3;
						TestTargetID = 7EC81E361AD30078008F0639;
					};
				};
			};
			buildConfigurationList = 7EC81E321AD30078008F0639 /* Build configuration list for PBXProject "FriarScoutVex" */;
			compatibilityVersion = "Xcode 3.2";
			developmentRegion = English;
			hasScannedForEncodings = 0;
			knownRegions = (
				en,
				Base,
			);
			mainGroup = 7EC81E2E1AD30078008F0639;
			productRefGroup = 7EC81E381AD30078008F0639 /* Products */;
			projectDirPath = "";
			projectRoot = "";
			targets = (
				7EC81E361AD30078008F0639 /* FriarScoutVex */,
				7EC81E4B1AD30078008F0639 /* FriarScoutVexTests */,
			);
		};
/* End PBXProject section */

/* Begin PBXResourcesBuildPhase section */
		7EC81E351AD30078008F0639 /* Resources */ = {
			isa = PBXResourcesBuildPhase;
			buildActionMask = 2147483647;
			files = (
				7EC81E421AD30078008F0639 /* Main.storyboard in Resources */,
				7ECC93171B3913870082F128 /* compOverview.png in Resources */,
				7EB472E81B709E8D00F29190 /* UnfavoritedIcon.png in Resources */,
				7ECC93251B3920CB0082F128 /* wrench.png in Resources */,
				7ECC930F1B3911330082F128 /* teamOverview.png in Resources */,
				7ECC931D1B3917DC0082F128 /* vexLogo.png in Resources */,
				7ECC931A1B3913870082F128 /* ps.png in Resources */,
				7ECC93181B3913870082F128 /* matchList.png in Resources */,
				7ECC93191B3913870082F128 /* moreStats.png in Resources */,
				7ECC931B1B3913870082F128 /* rs.png in Resources */,
				7E6A46241B3BDE5000AE63C3 /* flames.png in Resources */,
				7EC81E471AD30078008F0639 /* LaunchScreen.xib in Resources */,
				7ECC93161B3913870082F128 /* awards.png in Resources */,
				7EC81E5D1AD301AE008F0639 /* BebasNeue.otf in Resources */,
				7E6A46201B3BD59C00AE63C3 /* helpMe.png in Resources */,
				7E6A461E1B3BC9A700AE63C3 /* launch.png in Resources */,
				7ECC93211B391DF70082F128 /* gear.png in Resources */,
				7EC354AE1B39DD4600829C3C /* wrenchSelected.png in Resources */,
				7EB472E61B709E8600F29190 /* FavoritedIcon.png in Resources */,
				7ECC931F1B391AE60082F128 /* friarbots white logo.png in Resources */,
				7EC1B0981B16C0CC00B3A7BA /* GraySquare.png in Resources */,
				7EC81E441AD30078008F0639 /* Images.xcassets in Resources */,
			);
			runOnlyForDeploymentPostprocessing = 0;
		};
		7EC81E4A1AD30078008F0639 /* Resources */ = {
			isa = PBXResourcesBuildPhase;
			buildActionMask = 2147483647;
			files = (
				7EC81E5E1AD301C0008F0639 /* BebasNeue.otf in Resources */,
			);
			runOnlyForDeploymentPostprocessing = 0;
		};
/* End PBXResourcesBuildPhase section */

/* Begin PBXSourcesBuildPhase section */
		7EC81E331AD30078008F0639 /* Sources */ = {
			isa = PBXSourcesBuildPhase;
			buildActionMask = 2147483647;
			files = (
				7ECAEBDE1B090B4C0056733A /* OverviewCompetitionProfileViewController.swift in Sources */,
				7EC2DE161AF6C0A4002071AC /* Team.swift in Sources */,
				7ECAEBE01B090B9F0056733A /* MatchesCompetitionProfileViewController.swift in Sources */,
				7EC7724A1B0EB20700FB1E48 /* RankingTableCell.swift in Sources */,
				7EBF07651B4DDADB00B965D1 /* TeamBookmarkCell.swift in Sources */,
				7EBFA9E31AE60D2D00986361 /* CompetitionTableCell.swift in Sources */,
				7EBF07671B4E1FC900B965D1 /* CompetitionBookmarkController.swift in Sources */,
				7EC54D241B20F9A1009CEF3A /* AKPickerView.swift in Sources */,
				7ECAEBE21B090BCB0056733A /* AwardsCompetitionProfileViewController.swift in Sources */,
				7EC93BCB1B00328A00796251 /* HasTeamViewController.swift in Sources */,
				7EBFE57D1B02F59600E804BC /* AwardCell.swift in Sources */,
				7EC299271AD5C67400A7E008 /* MainMenuViewController.swift in Sources */,
				7EBFE57B1B02E9A700E804BC /* Award.swift in Sources */,
				7EC2DE181AF6C0AF002071AC /* Competition.swift in Sources */,
				7EBFFB941AED68CA003597FE /* UICheckBoxButton.swift in Sources */,
				7EC5AB351B3352400046250B /* SkillsViewController.swift in Sources */,
				7EC5B8B01B2DEC7F0072815F /* EmptyCompetitionProfileViewController.swift in Sources */,
				7EBE424C1B4CD1E30015D500 /* TeamBookmarksViewController.swift in Sources */,
				7EC5AB391B3356620046250B /* SkillsCell.swift in Sources */,
				7EC299291AD6548100A7E008 /* TeamListTableViewController.swift in Sources */,
				7EC16D641AE738A60094A4B0 /* CompetitionForTeamProfile.swift in Sources */,
				7EE78C951AED789B001ED13F /* MatchTableCell.swift in Sources */,
				7ECAEBE41B0913ED0056733A /* HasCompetitionViewController.swift in Sources */,
				7EE78C991AED7FF8001ED13F /* Match.swift in Sources */,
				7EEA292D1B05A1A50057DD1D /* UserProfile.swift in Sources */,
				7EB472E41B706C1600F29190 /* Colors.swift in Sources */,
				7EBF4A411AD6E1CE00C98EFA /* TeamProfileViewController.swift in Sources */,
				7EC93BC71B00315500796251 /* OverviewTeamProfileViewController.swift in Sources */,
				7ECC92FE1B3906A30082F128 /* ProgrammingSkillsViewController.swift in Sources */,
				7EC5AB371B33561B0046250B /* Skills.swift in Sources */,
				7EC81E3D1AD30078008F0639 /* AppDelegate.swift in Sources */,
				7EBFE57F1B02FC1900E804BC /* StatsTeamProfileViewController.swift in Sources */,
			);
			runOnlyForDeploymentPostprocessing = 0;
		};
		7EC81E481AD30078008F0639 /* Sources */ = {
			isa = PBXSourcesBuildPhase;
			buildActionMask = 2147483647;
			files = (
				7EC81E531AD30078008F0639 /* FriarScoutVexTests.swift in Sources */,
			);
			runOnlyForDeploymentPostprocessing = 0;
		};
/* End PBXSourcesBuildPhase section */

/* Begin PBXTargetDependency section */
		7EC81E4E1AD30078008F0639 /* PBXTargetDependency */ = {
			isa = PBXTargetDependency;
			target = 7EC81E361AD30078008F0639 /* FriarScoutVex */;
			targetProxy = 7EC81E4D1AD30078008F0639 /* PBXContainerItemProxy */;
		};
/* End PBXTargetDependency section */

/* Begin PBXVariantGroup section */
		7EC81E401AD30078008F0639 /* Main.storyboard */ = {
			isa = PBXVariantGroup;
			children = (
				7EC81E411AD30078008F0639 /* Base */,
			);
			name = Main.storyboard;
			sourceTree = "<group>";
		};
		7EC81E451AD30078008F0639 /* LaunchScreen.xib */ = {
			isa = PBXVariantGroup;
			children = (
				7EC81E461AD30078008F0639 /* Base */,
			);
			name = LaunchScreen.xib;
			sourceTree = "<group>";
		};
/* End PBXVariantGroup section */

/* Begin XCBuildConfiguration section */
		7EC81E541AD30078008F0639 /* Debug */ = {
			isa = XCBuildConfiguration;
			buildSettings = {
				ALWAYS_SEARCH_USER_PATHS = NO;
				CLANG_CXX_LANGUAGE_STANDARD = "gnu++0x";
				CLANG_CXX_LIBRARY = "libc++";
				CLANG_ENABLE_MODULES = YES;
				CLANG_ENABLE_OBJC_ARC = YES;
				CLANG_WARN_BOOL_CONVERSION = YES;
				CLANG_WARN_CONSTANT_CONVERSION = YES;
				CLANG_WARN_DIRECT_OBJC_ISA_USAGE = YES_ERROR;
				CLANG_WARN_EMPTY_BODY = YES;
				CLANG_WARN_ENUM_CONVERSION = YES;
				CLANG_WARN_INT_CONVERSION = YES;
				CLANG_WARN_OBJC_ROOT_CLASS = YES_ERROR;
				CLANG_WARN_UNREACHABLE_CODE = YES;
				CLANG_WARN__DUPLICATE_METHOD_MATCH = YES;
				"CODE_SIGN_IDENTITY[sdk=iphoneos*]" = "iPhone Developer";
				COPY_PHASE_STRIP = NO;
				ENABLE_STRICT_OBJC_MSGSEND = YES;
				GCC_C_LANGUAGE_STANDARD = gnu99;
				GCC_DYNAMIC_NO_PIC = NO;
				GCC_OPTIMIZATION_LEVEL = 0;
				GCC_PREPROCESSOR_DEFINITIONS = (
					"DEBUG=1",
					"$(inherited)",
				);
				GCC_SYMBOLS_PRIVATE_EXTERN = NO;
				GCC_WARN_64_TO_32_BIT_CONVERSION = YES;
				GCC_WARN_ABOUT_RETURN_TYPE = YES_ERROR;
				GCC_WARN_UNDECLARED_SELECTOR = YES;
				GCC_WARN_UNINITIALIZED_AUTOS = YES_AGGRESSIVE;
				GCC_WARN_UNUSED_FUNCTION = YES;
				GCC_WARN_UNUSED_VARIABLE = YES;
				IPHONEOS_DEPLOYMENT_TARGET = 8.2;
				MTL_ENABLE_DEBUG_INFO = YES;
				ONLY_ACTIVE_ARCH = YES;
				SDKROOT = iphoneos;
				SWIFT_OPTIMIZATION_LEVEL = "-Onone";
			};
			name = Debug;
		};
		7EC81E551AD30078008F0639 /* Release */ = {
			isa = XCBuildConfiguration;
			buildSettings = {
				ALWAYS_SEARCH_USER_PATHS = NO;
				CLANG_CXX_LANGUAGE_STANDARD = "gnu++0x";
				CLANG_CXX_LIBRARY = "libc++";
				CLANG_ENABLE_MODULES = YES;
				CLANG_ENABLE_OBJC_ARC = YES;
				CLANG_WARN_BOOL_CONVERSION = YES;
				CLANG_WARN_CONSTANT_CONVERSION = YES;
				CLANG_WARN_DIRECT_OBJC_ISA_USAGE = YES_ERROR;
				CLANG_WARN_EMPTY_BODY = YES;
				CLANG_WARN_ENUM_CONVERSION = YES;
				CLANG_WARN_INT_CONVERSION = YES;
				CLANG_WARN_OBJC_ROOT_CLASS = YES_ERROR;
				CLANG_WARN_UNREACHABLE_CODE = YES;
				CLANG_WARN__DUPLICATE_METHOD_MATCH = YES;
				"CODE_SIGN_IDENTITY[sdk=iphoneos*]" = "iPhone Developer";
				COPY_PHASE_STRIP = NO;
				ENABLE_NS_ASSERTIONS = NO;
				ENABLE_STRICT_OBJC_MSGSEND = YES;
				GCC_C_LANGUAGE_STANDARD = gnu99;
				GCC_WARN_64_TO_32_BIT_CONVERSION = YES;
				GCC_WARN_ABOUT_RETURN_TYPE = YES_ERROR;
				GCC_WARN_UNDECLARED_SELECTOR = YES;
				GCC_WARN_UNINITIALIZED_AUTOS = YES_AGGRESSIVE;
				GCC_WARN_UNUSED_FUNCTION = YES;
				GCC_WARN_UNUSED_VARIABLE = YES;
				IPHONEOS_DEPLOYMENT_TARGET = 8.2;
				MTL_ENABLE_DEBUG_INFO = NO;
				SDKROOT = iphoneos;
				VALIDATE_PRODUCT = YES;
			};
			name = Release;
		};
		7EC81E571AD30078008F0639 /* Debug */ = {
			isa = XCBuildConfiguration;
			buildSettings = {
				ASSETCATALOG_COMPILER_APPICON_NAME = AppIcon;
				CLANG_ENABLE_MODULES = YES;
				CODE_SIGN_IDENTITY = "iPhone Developer: Marty Krager (3P9PA9844U)";
				"CODE_SIGN_IDENTITY[sdk=iphoneos*]" = "iPhone Developer: Marty Krager (3P9PA9844U)";
				FRAMEWORK_SEARCH_PATHS = (
					"$(inherited)",
					"$(PROJECT_DIR)",
				);
				INFOPLIST_FILE = FriarScoutVex/Info.plist;
				IPHONEOS_DEPLOYMENT_TARGET = 8.0;
				LD_RUNPATH_SEARCH_PATHS = "$(inherited) @executable_path/Frameworks";
				OTHER_LDFLAGS = "-ObjC";
				PRODUCT_NAME = "$(TARGET_NAME)";
				PROVISIONING_PROFILE = "";
				SWIFT_OBJC_BRIDGING_HEADER = "FriarScoutVex-Bridging-Header.h";
				SWIFT_OPTIMIZATION_LEVEL = "-Onone";
			};
			name = Debug;
		};
		7EC81E581AD30078008F0639 /* Release */ = {
			isa = XCBuildConfiguration;
			buildSettings = {
				ASSETCATALOG_COMPILER_APPICON_NAME = AppIcon;
				CLANG_ENABLE_MODULES = YES;
				CODE_SIGN_IDENTITY = "iPhone Developer";
				"CODE_SIGN_IDENTITY[sdk=*]" = "iPhone Developer: Marty Krager (3P9PA9844U)";
				FRAMEWORK_SEARCH_PATHS = (
					"$(inherited)",
					"$(PROJECT_DIR)",
				);
				INFOPLIST_FILE = FriarScoutVex/Info.plist;
				IPHONEOS_DEPLOYMENT_TARGET = 8.0;
				LD_RUNPATH_SEARCH_PATHS = "$(inherited) @executable_path/Frameworks";
				OTHER_LDFLAGS = "-ObjC";
				PRODUCT_NAME = "$(TARGET_NAME)";
				PROVISIONING_PROFILE = "";
				SWIFT_OBJC_BRIDGING_HEADER = "FriarScoutVex-Bridging-Header.h";
			};
			name = Release;
		};
		7EC81E5A1AD30078008F0639 /* Debug */ = {
			isa = XCBuildConfiguration;
			buildSettings = {
				BUNDLE_LOADER = "$(TEST_HOST)";
				CODE_SIGN_IDENTITY = "iPhone Developer";
				"CODE_SIGN_IDENTITY[sdk=iphoneos*]" = "iPhone Developer";
				FRAMEWORK_SEARCH_PATHS = (
					"$(SDKROOT)/Developer/Library/Frameworks",
					"$(inherited)",
				);
				GCC_PREPROCESSOR_DEFINITIONS = (
					"DEBUG=1",
					"$(inherited)",
				);
				INFOPLIST_FILE = FriarScoutVexTests/Info.plist;
				IPHONEOS_DEPLOYMENT_TARGET = 8.0;
				LD_RUNPATH_SEARCH_PATHS = "$(inherited) @executable_path/Frameworks @loader_path/Frameworks";
				PRODUCT_NAME = "$(TARGET_NAME)";
				PROVISIONING_PROFILE = "";
				TEST_HOST = "$(BUILT_PRODUCTS_DIR)/FriarScoutVex.app/FriarScoutVex";
			};
			name = Debug;
		};
		7EC81E5B1AD30078008F0639 /* Release */ = {
			isa = XCBuildConfiguration;
			buildSettings = {
				BUNDLE_LOADER = "$(TEST_HOST)";
				CODE_SIGN_IDENTITY = "iPhone Developer";
				"CODE_SIGN_IDENTITY[sdk=iphoneos*]" = "iPhone Developer";
				FRAMEWORK_SEARCH_PATHS = (
					"$(SDKROOT)/Developer/Library/Frameworks",
					"$(inherited)",
				);
				INFOPLIST_FILE = FriarScoutVexTests/Info.plist;
				IPHONEOS_DEPLOYMENT_TARGET = 8.0;
				LD_RUNPATH_SEARCH_PATHS = "$(inherited) @executable_path/Frameworks @loader_path/Frameworks";
				PRODUCT_NAME = "$(TARGET_NAME)";
				PROVISIONING_PROFILE = "";
				TEST_HOST = "$(BUILT_PRODUCTS_DIR)/FriarScoutVex.app/FriarScoutVex";
			};
			name = Release;
		};
/* End XCBuildConfiguration section */

/* Begin XCConfigurationList section */
		7EC81E321AD30078008F0639 /* Build configuration list for PBXProject "FriarScoutVex" */ = {
			isa = XCConfigurationList;
			buildConfigurations = (
				7EC81E541AD30078008F0639 /* Debug */,
				7EC81E551AD30078008F0639 /* Release */,
			);
			defaultConfigurationIsVisible = 0;
			defaultConfigurationName = Release;
		};
		7EC81E561AD30078008F0639 /* Build configuration list for PBXNativeTarget "FriarScoutVex" */ = {
			isa = XCConfigurationList;
			buildConfigurations = (
				7EC81E571AD30078008F0639 /* Debug */,
				7EC81E581AD30078008F0639 /* Release */,
			);
			defaultConfigurationIsVisible = 0;
			defaultConfigurationName = Release;
		};
		7EC81E591AD30078008F0639 /* Build configuration list for PBXNativeTarget "FriarScoutVexTests" */ = {
			isa = XCConfigurationList;
			buildConfigurations = (
				7EC81E5A1AD30078008F0639 /* Debug */,
				7EC81E5B1AD30078008F0639 /* Release */,
			);
			defaultConfigurationIsVisible = 0;
			defaultConfigurationName = Release;
		};
/* End XCConfigurationList section */
	};
	rootObject = 7EC81E2F1AD30078008F0639 /* Project object */;
}
